{
  "name": "vexa-1",
  "lockfileVersion": 3,
  "requires": true,
  "packages": {
    "": {
      "dependencies": {
        "@types/otplib": "^10.0.0"
      }
    },
    "node_modules/@types/otplib": {
      "version": "10.0.0",
      "resolved": "https://registry.npmjs.org/@types/otplib/-/otplib-10.0.0.tgz",
      "integrity": "sha512-fxgTy0WQiylowcAuKgCdMW/DcWAz/Qo/GZjY5sLD7/z12RXXjIardQnsZU2iSHWFznVlE+7VstBWZnHUA8aF8Q==",
      "deprecated": "This is a stub types definition. otplib provides its own type definitions, so you do not need this installed.",
      "dependencies": {
        "otplib": "*"
      }
    },
    "node_modules/otplib": {}
  }
}
